
Microsoft Visual Studio Solution File, Format Version 12.00
# Visual Studio Version 17
VisualStudioVersion = 17.8.34330.188
MinimumVisualStudioVersion = 10.0.40219.1
Project("{9A19103F-16F7-4668-BE54-9A1E7A4F7556}") = "HospitalInformationSystem", "HospitalInformationSystem.csproj", "{0DE39C7B-51CD-4FA1-B04B-AF234C29CB66}"
EndProject
Project("{FAE04EC0-301F-11D3-BF4B-00C04F79EFBC}") = "OnlineCourseManagementSystem", "..\OnlineCourseManagementSystem\OnlineCourseManagementSystem.csproj", "{243AE8AE-28C0-40EF-BF05-6E89570E8100}"
EndProject
Global
	GlobalSection(SolutionConfigurationPlatforms) = preSolution
		Debug|Any CPU = Debug|Any CPU
		Release|Any CPU = Release|Any CPU
	EndGlobalSection
	GlobalSection(ProjectConfigurationPlatforms) = postSolution
		{0DE39C7B-51CD-4FA1-B04B-AF234C29CB66}.Debug|Any CPU.ActiveCfg = Debug|Any CPU
		{0DE39C7B-51CD-4FA1-B04B-AF234C29CB66}.Debug|Any CPU.Build.0 = Debug|Any CPU
		{0DE39C7B-51CD-4FA1-B04B-AF234C29CB66}.Release|Any CPU.ActiveCfg = Release|Any CPU
		{0DE39C7B-51CD-4FA1-B04B-AF234C29CB66}.Release|Any CPU.Build.0 = Release|Any CPU
		{243AE8AE-28C0-40EF-BF05-6E89570E8100}.Debug|Any CPU.ActiveCfg = Debug|Any CPU
		{243AE8AE-28C0-40EF-BF05-6E89570E8100}.Debug|Any CPU.Build.0 = Debug|Any CPU
		{243AE8AE-28C0-40EF-BF05-6E89570E8100}.Release|Any CPU.ActiveCfg = Release|Any CPU
		{243AE8AE-28C0-40EF-BF05-6E89570E8100}.Release|Any CPU.Build.0 = Release|Any CPU
	EndGlobalSection
	GlobalSection(SolutionProperties) = preSolution
		HideSolutionNode = FALSE
	EndGlobalSection
	GlobalSection(ExtensibilityGlobals) = postSolution
		SolutionGuid = {5A7ED11F-4C70-478E-A1A0-36B26A17C2E9}
	EndGlobalSection
EndGlobal
